
Microsoft Visual Studio Solution File, Format Version 12.00
# Visual Studio for Mac
Project("{FAE04EC0-301F-11D3-BF4B-00C04F79EFBC}") = "Assembly-CSharp", "Assembly-CSharp.csproj", "{31BE41C2-FC2F-905E-F659-779AE82CB628}"
EndProject
Project("{FAE04EC0-301F-11D3-BF4B-00C04F79EFBC}") = "Assembly-CSharp-firstpass", "Assembly-CSharp-firstpass.csproj", "{416CFB86-2626-5FAB-9727-AF1A4F3AA1E5}"
EndProject
Project("{FAE04EC0-301F-11D3-BF4B-00C04F79EFBC}") = "VuforiaScripts", "VuforiaScripts.csproj", "{8AE76001-BADE-AD60-0793-65BD360B768D}"
EndProject
Project("{FAE04EC0-301F-11D3-BF4B-00C04F79EFBC}") = "Assembly-CSharp-Editor", "Assembly-CSharp-Editor.csproj", "{880F1446-494E-CE26-0000-5C1AB3B3DEC3}"
EndProject
Project("{FAE04EC0-301F-11D3-BF4B-00C04F79EFBC}") = "Assembly-CSharp-Editor-firstpass", "Assembly-CSharp-Editor-firstpass.csproj", "{8340D361-2A11-C8B9-5E07-9C217A881D39}"
EndProject
Project("{FAE04EC0-301F-11D3-BF4B-00C04F79EFBC}") = "VuforiaEditorScripts", "VuforiaEditorScripts.csproj", "{B0DE00A2-E249-C88A-BCE8-091D016567E4}"
EndProject
Global
	GlobalSection(SolutionConfigurationPlatforms) = preSolution
		Debug|Any CPU = Debug|Any CPU
		Release|Any CPU = Release|Any CPU
	EndGlobalSection
	GlobalSection(ProjectConfigurationPlatforms) = postSolution
		{31BE41C2-FC2F-905E-F659-779AE82CB628}.Debug|Any CPU.ActiveCfg = Debug|Any CPU
		{31BE41C2-FC2F-905E-F659-779AE82CB628}.Debug|Any CPU.Build.0 = Debug|Any CPU
		{31BE41C2-FC2F-905E-F659-779AE82CB628}.Release|Any CPU.ActiveCfg = Release|Any CPU
		{31BE41C2-FC2F-905E-F659-779AE82CB628}.Release|Any CPU.Build.0 = Release|Any CPU
		{416CFB86-2626-5FAB-9727-AF1A4F3AA1E5}.Debug|Any CPU.ActiveCfg = Debug|Any CPU
		{416CFB86-2626-5FAB-9727-AF1A4F3AA1E5}.Debug|Any CPU.Build.0 = Debug|Any CPU
		{416CFB86-2626-5FAB-9727-AF1A4F3AA1E5}.Release|Any CPU.ActiveCfg = Release|Any CPU
		{416CFB86-2626-5FAB-9727-AF1A4F3AA1E5}.Release|Any CPU.Build.0 = Release|Any CPU
		{8AE76001-BADE-AD60-0793-65BD360B768D}.Debug|Any CPU.ActiveCfg = Debug|Any CPU
		{8AE76001-BADE-AD60-0793-65BD360B768D}.Debug|Any CPU.Build.0 = Debug|Any CPU
		{8AE76001-BADE-AD60-0793-65BD360B768D}.Release|Any CPU.ActiveCfg = Release|Any CPU
		{8AE76001-BADE-AD60-0793-65BD360B768D}.Release|Any CPU.Build.0 = Release|Any CPU
		{880F1446-494E-CE26-0000-5C1AB3B3DEC3}.Debug|Any CPU.ActiveCfg = Debug|Any CPU
		{880F1446-494E-CE26-0000-5C1AB3B3DEC3}.Debug|Any CPU.Build.0 = Debug|Any CPU
		{880F1446-494E-CE26-0000-5C1AB3B3DEC3}.Release|Any CPU.ActiveCfg = Release|Any CPU
		{880F1446-494E-CE26-0000-5C1AB3B3DEC3}.Release|Any CPU.Build.0 = Release|Any CPU
		{8340D361-2A11-C8B9-5E07-9C217A881D39}.Debug|Any CPU.ActiveCfg = Debug|Any CPU
		{8340D361-2A11-C8B9-5E07-9C217A881D39}.Debug|Any CPU.Build.0 = Debug|Any CPU
		{8340D361-2A11-C8B9-5E07-9C217A881D39}.Release|Any CPU.ActiveCfg = Release|Any CPU
		{8340D361-2A11-C8B9-5E07-9C217A881D39}.Release|Any CPU.Build.0 = Release|Any CPU
		{B0DE00A2-E249-C88A-BCE8-091D016567E4}.Debug|Any CPU.ActiveCfg = Debug|Any CPU
		{B0DE00A2-E249-C88A-BCE8-091D016567E4}.Debug|Any CPU.Build.0 = Debug|Any CPU
		{B0DE00A2-E249-C88A-BCE8-091D016567E4}.Release|Any CPU.ActiveCfg = Release|Any CPU
		{B0DE00A2-E249-C88A-BCE8-091D016567E4}.Release|Any CPU.Build.0 = Release|Any CPU
	EndGlobalSection
	GlobalSection(SolutionProperties) = preSolution
		HideSolutionNode = FALSE
	EndGlobalSection
EndGlobal
